
Microsoft Visual Studio Solution File, Format Version 12.00
# Visual Studio Version 16
VisualStudioVersion = 16.0.31313.79
MinimumVisualStudioVersion = 10.0.40219.1
Project("{FAE04EC0-301F-11D3-BF4B-00C04F79EFBC}") = "WebAPI", "WebAPI\WebAPI.csproj", "{31797628-C72A-4F60-A5C1-6D5EC2D763D7}"
EndProject
Global
	GlobalSection(SolutionConfigurationPlatforms) = preSolution
		Debug|Any CPU = Debug|Any CPU
		Release|Any CPU = Release|Any CPU
	EndGlobalSection
	GlobalSection(ProjectConfigurationPlatforms) = postSolution
		{31797628-C72A-4F60-A5C1-6D5EC2D763D7}.Debug|Any CPU.ActiveCfg = Debug|Any CPU
		{31797628-C72A-4F60-A5C1-6D5EC2D763D7}.Debug|Any CPU.Build.0 = Debug|Any CPU
		{31797628-C72A-4F60-A5C1-6D5EC2D763D7}.Release|Any CPU.ActiveCfg = Release|Any CPU
		{31797628-C72A-4F60-A5C1-6D5EC2D763D7}.Release|Any CPU.Build.0 = Release|Any CPU
	EndGlobalSection
	GlobalSection(SolutionProperties) = preSolution
		HideSolutionNode = FALSE
	EndGlobalSection
	GlobalSection(ExtensibilityGlobals) = postSolution
		SolutionGuid = {B7F685D0-F803-4759-A331-AACDBF275C9A}
	EndGlobalSection
EndGlobal
